
Microsoft Visual Studio Solution File, Format Version 12.00
Project("{FAE04EC0-301F-11D3-BF4B-00C04F79EFBC}") = "BinarySearchTreeLibrary", "BinarySearchTreeLibrary\BinarySearchTreeLibrary.csproj", "{C9465C94-487E-4264-8577-E18D0A310AE9}"
EndProject
Project("{FAE04EC0-301F-11D3-BF4B-00C04F79EFBC}") = "BinarySearchTreeLibrary.Tests", "BinarySearchTreeLibrary.Tests\BinarySearchTreeLibrary.Tests.csproj", "{2AD703A4-BBBB-4AAB-97DE-B8B00414075D}"
EndProject
Global
	GlobalSection(SolutionConfigurationPlatforms) = preSolution
		Debug|Any CPU = Debug|Any CPU
		Release|Any CPU = Release|Any CPU
	EndGlobalSection
	GlobalSection(ProjectConfigurationPlatforms) = postSolution
		{C9465C94-487E-4264-8577-E18D0A310AE9}.Debug|Any CPU.ActiveCfg = Debug|Any CPU
		{C9465C94-487E-4264-8577-E18D0A310AE9}.Debug|Any CPU.Build.0 = Debug|Any CPU
		{C9465C94-487E-4264-8577-E18D0A310AE9}.Release|Any CPU.ActiveCfg = Release|Any CPU
		{C9465C94-487E-4264-8577-E18D0A310AE9}.Release|Any CPU.Build.0 = Release|Any CPU
		{2AD703A4-BBBB-4AAB-97DE-B8B00414075D}.Debug|Any CPU.ActiveCfg = Debug|Any CPU
		{2AD703A4-BBBB-4AAB-97DE-B8B00414075D}.Debug|Any CPU.Build.0 = Debug|Any CPU
		{2AD703A4-BBBB-4AAB-97DE-B8B00414075D}.Release|Any CPU.ActiveCfg = Release|Any CPU
		{2AD703A4-BBBB-4AAB-97DE-B8B00414075D}.Release|Any CPU.Build.0 = Release|Any CPU
	EndGlobalSection
EndGlobal
